
Microsoft Visual Studio Solution File, Format Version 12.00
# Visual Studio Version 16
VisualStudioVersion = 16.0.31605.320
MinimumVisualStudioVersion = 10.0.40219.1
Project("{9A19103F-16F7-4668-BE54-9A1E7A4F7556}") = "Qwerty.WPF", "Qwerty.WPF.csproj", "{DA555ACC-129C-4CAC-ABCA-D19C146F5931}"
EndProject
Project("{FAE04EC0-301F-11D3-BF4B-00C04F79EFBC}") = "Qwerty.SlidingTextControl", "..\QUERTY.SlidingTextControl\Qwerty.SlidingTextControl.csproj", "{76033450-85A1-4F6D-BD5A-8765C5ED652B}"
EndProject
Global
	GlobalSection(SolutionConfigurationPlatforms) = preSolution
		Debug|Any CPU = Debug|Any CPU
		Release|Any CPU = Release|Any CPU
	EndGlobalSection
	GlobalSection(ProjectConfigurationPlatforms) = postSolution
		{DA555ACC-129C-4CAC-ABCA-D19C146F5931}.Debug|Any CPU.ActiveCfg = Debug|Any CPU
		{DA555ACC-129C-4CAC-ABCA-D19C146F5931}.Debug|Any CPU.Build.0 = Debug|Any CPU
		{DA555ACC-129C-4CAC-ABCA-D19C146F5931}.Release|Any CPU.ActiveCfg = Release|Any CPU
		{DA555ACC-129C-4CAC-ABCA-D19C146F5931}.Release|Any CPU.Build.0 = Release|Any CPU
		{76033450-85A1-4F6D-BD5A-8765C5ED652B}.Debug|Any CPU.ActiveCfg = Debug|Any CPU
		{76033450-85A1-4F6D-BD5A-8765C5ED652B}.Debug|Any CPU.Build.0 = Debug|Any CPU
		{76033450-85A1-4F6D-BD5A-8765C5ED652B}.Release|Any CPU.ActiveCfg = Release|Any CPU
		{76033450-85A1-4F6D-BD5A-8765C5ED652B}.Release|Any CPU.Build.0 = Release|Any CPU
	EndGlobalSection
	GlobalSection(SolutionProperties) = preSolution
		HideSolutionNode = FALSE
	EndGlobalSection
	GlobalSection(ExtensibilityGlobals) = postSolution
		SolutionGuid = {EC19405A-16C7-4B6A-BE11-5E4E9481C34F}
	EndGlobalSection
EndGlobal
